
Microsoft Visual Studio Solution File, Format Version 12.00
# Visual Studio Version 17
VisualStudioVersion = 17.12.35527.113
MinimumVisualStudioVersion = 10.0.40219.1
Project("{2150E333-8FDC-42A3-9474-1A3956D46DE8}") = "Services", "Services", "{46D547D0-259C-4352-A178-953591F8AF35}"
EndProject
Project("{2150E333-8FDC-42A3-9474-1A3956D46DE8}") = "Catalog", "Catalog", "{CF92BFA5-B4C7-433B-B890-5EFC31CCA0AE}"
EndProject
Project("{FAE04EC0-301F-11D3-BF4B-00C04F79EFBC}") = "MultiShop.Catalog", "Services\Catalog\MultiShop.Catalog\MultiShop.Catalog.csproj", "{3BA9B716-162D-4968-8807-CB7BB4E69D7E}"
EndProject
Project("{2150E333-8FDC-42A3-9474-1A3956D46DE8}") = "Discount", "Discount", "{4A4D3D9C-A4E6-4C14-A243-7CF72B3FDA4B}"
EndProject
Project("{FAE04EC0-301F-11D3-BF4B-00C04F79EFBC}") = "MultiShop.Discount", "Services\Discount\MultiShop.Discount\MultiShop.Discount.csproj", "{2A2B3283-FF13-4E79-89EB-3B28D83391DE}"
EndProject
Project("{2150E333-8FDC-42A3-9474-1A3956D46DE8}") = "Order", "Order", "{FE2AAAB2-F6D0-44FA-BDCD-A9CEB70F8EAB}"
EndProject
Project("{2150E333-8FDC-42A3-9474-1A3956D46DE8}") = "Core", "Core", "{3492FA42-849C-4865-8C2F-1CAE136C27F9}"
EndProject
Project("{2150E333-8FDC-42A3-9474-1A3956D46DE8}") = "Infrastructure", "Infrastructure", "{92212368-C3BE-4629-9C0D-38C30C270651}"
EndProject
Project("{2150E333-8FDC-42A3-9474-1A3956D46DE8}") = "Presentation", "Presentation", "{BD62716B-520D-4229-ADAE-416691FC5994}"
EndProject
Project("{FAE04EC0-301F-11D3-BF4B-00C04F79EFBC}") = "MultiShop.Order.Domain", "Services\Order\Core\MultiShop.Order.Domain\MultiShop.Order.Domain.csproj", "{F9B9D88F-9FEC-4E80-92B4-BB6B0DA5BEF9}"
EndProject
Project("{FAE04EC0-301F-11D3-BF4B-00C04F79EFBC}") = "MultiShop.Order.Application", "Services\Order\Core\MultiShop.Order.Application\MultiShop.Order.Application.csproj", "{79EF7FA3-E264-4595-983D-3907A012AE85}"
EndProject
Project("{FAE04EC0-301F-11D3-BF4B-00C04F79EFBC}") = "MultiShop.Order.Persistance", "Services\Order\Infrastructure\MultiShop.Order.Persistance\MultiShop.Order.Persistance.csproj", "{2DB01501-2FD0-43C4-B2D5-68D7898BB08C}"
EndProject
Project("{FAE04EC0-301F-11D3-BF4B-00C04F79EFBC}") = "MultiShop.Order.WebApi", "Services\Order\Presentation\MultiShop.Order.WebApi\MultiShop.Order.WebApi.csproj", "{89F2C8A9-F150-4215-80F5-68602DD79B65}"
EndProject
Global
	GlobalSection(SolutionConfigurationPlatforms) = preSolution
		Debug|Any CPU = Debug|Any CPU
		Release|Any CPU = Release|Any CPU
	EndGlobalSection
	GlobalSection(ProjectConfigurationPlatforms) = postSolution
		{3BA9B716-162D-4968-8807-CB7BB4E69D7E}.Debug|Any CPU.ActiveCfg = Debug|Any CPU
		{3BA9B716-162D-4968-8807-CB7BB4E69D7E}.Debug|Any CPU.Build.0 = Debug|Any CPU
		{3BA9B716-162D-4968-8807-CB7BB4E69D7E}.Release|Any CPU.ActiveCfg = Release|Any CPU
		{3BA9B716-162D-4968-8807-CB7BB4E69D7E}.Release|Any CPU.Build.0 = Release|Any CPU
		{2A2B3283-FF13-4E79-89EB-3B28D83391DE}.Debug|Any CPU.ActiveCfg = Debug|Any CPU
		{2A2B3283-FF13-4E79-89EB-3B28D83391DE}.Debug|Any CPU.Build.0 = Debug|Any CPU
		{2A2B3283-FF13-4E79-89EB-3B28D83391DE}.Release|Any CPU.ActiveCfg = Release|Any CPU
		{2A2B3283-FF13-4E79-89EB-3B28D83391DE}.Release|Any CPU.Build.0 = Release|Any CPU
		{F9B9D88F-9FEC-4E80-92B4-BB6B0DA5BEF9}.Debug|Any CPU.ActiveCfg = Debug|Any CPU
		{F9B9D88F-9FEC-4E80-92B4-BB6B0DA5BEF9}.Debug|Any CPU.Build.0 = Debug|Any CPU
		{F9B9D88F-9FEC-4E80-92B4-BB6B0DA5BEF9}.Release|Any CPU.ActiveCfg = Release|Any CPU
		{F9B9D88F-9FEC-4E80-92B4-BB6B0DA5BEF9}.Release|Any CPU.Build.0 = Release|Any CPU
		{79EF7FA3-E264-4595-983D-3907A012AE85}.Debug|Any CPU.ActiveCfg = Debug|Any CPU
		{79EF7FA3-E264-4595-983D-3907A012AE85}.Debug|Any CPU.Build.0 = Debug|Any CPU
		{79EF7FA3-E264-4595-983D-3907A012AE85}.Release|Any CPU.ActiveCfg = Release|Any CPU
		{79EF7FA3-E264-4595-983D-3907A012AE85}.Release|Any CPU.Build.0 = Release|Any CPU
		{2DB01501-2FD0-43C4-B2D5-68D7898BB08C}.Debug|Any CPU.ActiveCfg = Debug|Any CPU
		{2DB01501-2FD0-43C4-B2D5-68D7898BB08C}.Debug|Any CPU.Build.0 = Debug|Any CPU
		{2DB01501-2FD0-43C4-B2D5-68D7898BB08C}.Release|Any CPU.ActiveCfg = Release|Any CPU
		{2DB01501-2FD0-43C4-B2D5-68D7898BB08C}.Release|Any CPU.Build.0 = Release|Any CPU
		{89F2C8A9-F150-4215-80F5-68602DD79B65}.Debug|Any CPU.ActiveCfg = Debug|Any CPU
		{89F2C8A9-F150-4215-80F5-68602DD79B65}.Debug|Any CPU.Build.0 = Debug|Any CPU
		{89F2C8A9-F150-4215-80F5-68602DD79B65}.Release|Any CPU.ActiveCfg = Release|Any CPU
		{89F2C8A9-F150-4215-80F5-68602DD79B65}.Release|Any CPU.Build.0 = Release|Any CPU
	EndGlobalSection
	GlobalSection(SolutionProperties) = preSolution
		HideSolutionNode = FALSE
	EndGlobalSection
	GlobalSection(NestedProjects) = preSolution
		{CF92BFA5-B4C7-433B-B890-5EFC31CCA0AE} = {46D547D0-259C-4352-A178-953591F8AF35}
		{3BA9B716-162D-4968-8807-CB7BB4E69D7E} = {CF92BFA5-B4C7-433B-B890-5EFC31CCA0AE}
		{4A4D3D9C-A4E6-4C14-A243-7CF72B3FDA4B} = {46D547D0-259C-4352-A178-953591F8AF35}
		{2A2B3283-FF13-4E79-89EB-3B28D83391DE} = {4A4D3D9C-A4E6-4C14-A243-7CF72B3FDA4B}
		{FE2AAAB2-F6D0-44FA-BDCD-A9CEB70F8EAB} = {46D547D0-259C-4352-A178-953591F8AF35}
		{3492FA42-849C-4865-8C2F-1CAE136C27F9} = {FE2AAAB2-F6D0-44FA-BDCD-A9CEB70F8EAB}
		{92212368-C3BE-4629-9C0D-38C30C270651} = {FE2AAAB2-F6D0-44FA-BDCD-A9CEB70F8EAB}
		{BD62716B-520D-4229-ADAE-416691FC5994} = {FE2AAAB2-F6D0-44FA-BDCD-A9CEB70F8EAB}
		{F9B9D88F-9FEC-4E80-92B4-BB6B0DA5BEF9} = {3492FA42-849C-4865-8C2F-1CAE136C27F9}
		{79EF7FA3-E264-4595-983D-3907A012AE85} = {3492FA42-849C-4865-8C2F-1CAE136C27F9}
		{2DB01501-2FD0-43C4-B2D5-68D7898BB08C} = {92212368-C3BE-4629-9C0D-38C30C270651}
		{89F2C8A9-F150-4215-80F5-68602DD79B65} = {BD62716B-520D-4229-ADAE-416691FC5994}
	EndGlobalSection
EndGlobal
